// !$*UTF8*$!
{
	archiveVersion = 1;
	classes = {
	};
	objectVersion = 56;
	objects = {

/* Begin PBXBuildFile section */
		E022B2ED2863705800E9437F /* PriceLogApp.swift in Sources */ = {isa = PBXBuildFile; fileRef = E022B2EC2863705800E9437F /* PriceLogApp.swift */; };
		E022B2EF2863705800E9437F /* ContentView.swift in Sources */ = {isa = PBXBuildFile; fileRef = E022B2EE2863705800E9437F /* ContentView.swift */; };
		E022B2F12863705900E9437F /* Assets.xcassets in Resources */ = {isa = PBXBuildFile; fileRef = E022B2F02863705900E9437F /* Assets.xcassets */; };
		E022B2F42863705900E9437F /* Preview Assets.xcassets in Resources */ = {isa = PBXBuildFile; fileRef = E022B2F32863705900E9437F /* Preview Assets.xcassets */; };
		E022B2F62863705900E9437F /* Persistence.swift in Sources */ = {isa = PBXBuildFile; fileRef = E022B2F52863705900E9437F /* Persistence.swift */; };
		E022B2F92863705900E9437F /* PriceLog.xcdatamodeld in Sources */ = {isa = PBXBuildFile; fileRef = E022B2F72863705900E9437F /* PriceLog.xcdatamodeld */; };
		E022B3032863705900E9437F /* PriceLogTests.swift in Sources */ = {isa = PBXBuildFile; fileRef = E022B3022863705900E9437F /* PriceLogTests.swift */; };
		E022B30D2863705900E9437F /* PriceLogUITests.swift in Sources */ = {isa = PBXBuildFile; fileRef = E022B30C2863705900E9437F /* PriceLogUITests.swift */; };
		E022B30F2863705900E9437F /* PriceLogUITestsLaunchTests.swift in Sources */ = {isa = PBXBuildFile; fileRef = E022B30E2863705900E9437F /* PriceLogUITestsLaunchTests.swift */; };
		E0261B93290646C300C4F9A2 /* Modifier+View.swift in Sources */ = {isa = PBXBuildFile; fileRef = E0261B92290646C300C4F9A2 /* Modifier+View.swift */; };
		E030F8D62906C461009DA8C6 /* ImagePicker.swift in Sources */ = {isa = PBXBuildFile; fileRef = E030F8D52906C461009DA8C6 /* ImagePicker.swift */; };
		E030F8D82906C66F009DA8C6 /* RequestAccess.swift in Sources */ = {isa = PBXBuildFile; fileRef = E030F8D72906C66F009DA8C6 /* RequestAccess.swift */; };
		E04A30F3290EB14C00B46EA4 /* ProductTypeCD+Extension.swift in Sources */ = {isa = PBXBuildFile; fileRef = E04A30F2290EB14C00B46EA4 /* ProductTypeCD+Extension.swift */; };
		E04F8CA5290592EC0028B228 /* CategoryCellView.swift in Sources */ = {isa = PBXBuildFile; fileRef = E04F8CA4290592EC0028B228 /* CategoryCellView.swift */; };
		E06D05C2286FF7E40081B70F /* AddProductTypeScreen.swift in Sources */ = {isa = PBXBuildFile; fileRef = E06D05C1286FF7E40081B70F /* AddProductTypeScreen.swift */; };
		E06D05C4286FF9410081B70F /* TextFieldLabel.swift in Sources */ = {isa = PBXBuildFile; fileRef = E06D05C3286FF9410081B70F /* TextFieldLabel.swift */; };
		E0B99F3A2869E1610001ECCA /* AddCategoryScreen.swift in Sources */ = {isa = PBXBuildFile; fileRef = E0B99F392869E1610001ECCA /* AddCategoryScreen.swift */; };
		E0B99F3C2869E49D0001ECCA /* AddProductScreen.swift in Sources */ = {isa = PBXBuildFile; fileRef = E0B99F3B2869E49D0001ECCA /* AddProductScreen.swift */; };
		E0C42EF9286FFC69005FE0C9 /* AddProductDetailScreen.swift in Sources */ = {isa = PBXBuildFile; fileRef = E0C42EF8286FFC69005FE0C9 /* AddProductDetailScreen.swift */; };
		E0C42EFB286FFDF2005FE0C9 /* NumberFieldLabel.swift in Sources */ = {isa = PBXBuildFile; fileRef = E0C42EFA286FFDF2005FE0C9 /* NumberFieldLabel.swift */; };
		E0C42EFE286FFF25005FE0C9 /* Extension.swift in Sources */ = {isa = PBXBuildFile; fileRef = E0C42EFD286FFF25005FE0C9 /* Extension.swift */; };
		E0C42F002870000C005FE0C9 /* CategoryScreenViewModel.swift in Sources */ = {isa = PBXBuildFile; fileRef = E0C42EFF2870000C005FE0C9 /* CategoryScreenViewModel.swift */; };
		E0C42F042870002E005FE0C9 /* ProductScreenViewModel.swift in Sources */ = {isa = PBXBuildFile; fileRef = E0C42F032870002E005FE0C9 /* ProductScreenViewModel.swift */; };
		E0C42F0628700064005FE0C9 /* ProductTypeCellView.swift in Sources */ = {isa = PBXBuildFile; fileRef = E0C42F0528700064005FE0C9 /* ProductTypeCellView.swift */; };
		E0C42F08287001A1005FE0C9 /* ProductPricesCell.swift in Sources */ = {isa = PBXBuildFile; fileRef = E0C42F07287001A1005FE0C9 /* ProductPricesCell.swift */; };
		E0C42F0A2870020E005FE0C9 /* ProductDetailPriceViewModel.swift in Sources */ = {isa = PBXBuildFile; fileRef = E0C42F092870020E005FE0C9 /* ProductDetailPriceViewModel.swift */; };
		E0C42F0C28700228005FE0C9 /* ProductTypeScreenViewModel.swift in Sources */ = {isa = PBXBuildFile; fileRef = E0C42F0B28700228005FE0C9 /* ProductTypeScreenViewModel.swift */; };
		E0C42F0E2870024D005FE0C9 /* AddCategoryViewModel.swift in Sources */ = {isa = PBXBuildFile; fileRef = E0C42F0D2870024D005FE0C9 /* AddCategoryViewModel.swift */; };
		E0C42F1128700274005FE0C9 /* AddProductViewModel.swift in Sources */ = {isa = PBXBuildFile; fileRef = E0C42F1028700274005FE0C9 /* AddProductViewModel.swift */; };
		E0C42F132870027F005FE0C9 /* AddProductTypeViewModel.swift in Sources */ = {isa = PBXBuildFile; fileRef = E0C42F122870027F005FE0C9 /* AddProductTypeViewModel.swift */; };
		E0C42F152870028E005FE0C9 /* AddProductDetailPriceViewModel.swift in Sources */ = {isa = PBXBuildFile; fileRef = E0C42F142870028E005FE0C9 /* AddProductDetailPriceViewModel.swift */; };
		E0E2ACCE290D1216000320B7 /* CoreDataManager.swift in Sources */ = {isa = PBXBuildFile; fileRef = E0E2ACCD290D1216000320B7 /* CoreDataManager.swift */; };
		E0E2ACD1290D1291000320B7 /* BaseModel.swift in Sources */ = {isa = PBXBuildFile; fileRef = E0E2ACD0290D1291000320B7 /* BaseModel.swift */; };
		E0E2ACD3290D12D9000320B7 /* CategoryCD+Extension.swift in Sources */ = {isa = PBXBuildFile; fileRef = E0E2ACD2290D12D9000320B7 /* CategoryCD+Extension.swift */; };
		E0EC8CEF2868A065005CEB7B /* CategoryScreen.swift in Sources */ = {isa = PBXBuildFile; fileRef = E0EC8CEE2868A065005CEB7B /* CategoryScreen.swift */; };
		E0EC8CF52868A53E005CEB7B /* Model.swift in Sources */ = {isa = PBXBuildFile; fileRef = E0EC8CF42868A53E005CEB7B /* Model.swift */; };
		E0EC8CF72868A995005CEB7B /* MockData.swift in Sources */ = {isa = PBXBuildFile; fileRef = E0EC8CF62868A995005CEB7B /* MockData.swift */; };
		E0EC8CF92868AFB9005CEB7B /* ProductScreen.swift in Sources */ = {isa = PBXBuildFile; fileRef = E0EC8CF82868AFB9005CEB7B /* ProductScreen.swift */; };
		E0EC8CFB2868B0EC005CEB7B /* ProductTypeScreen.swift in Sources */ = {isa = PBXBuildFile; fileRef = E0EC8CFA2868B0EC005CEB7B /* ProductTypeScreen.swift */; };
		E0EC8CFD2868BA90005CEB7B /* ProductDetailPriceScreen.swift in Sources */ = {isa = PBXBuildFile; fileRef = E0EC8CFC2868BA90005CEB7B /* ProductDetailPriceScreen.swift */; };
		E0EDCD07290D27AC002BF80B /* ProductCD+Extension.swift in Sources */ = {isa = PBXBuildFile; fileRef = E0EDCD06290D27AC002BF80B /* ProductCD+Extension.swift */; };
/* End PBXBuildFile section */

/* Begin PBXContainerItemProxy section */
		E022B2FF2863705900E9437F /* PBXContainerItemProxy */ = {
			isa = PBXContainerItemProxy;
			containerPortal = E022B2E12863705800E9437F /* Project object */;
			proxyType = 1;
			remoteGlobalIDString = E022B2E82863705800E9437F;
			remoteInfo = PriceLog;
		};
		E022B3092863705900E9437F /* PBXContainerItemProxy */ = {
			isa = PBXContainerItemProxy;
			containerPortal = E022B2E12863705800E9437F /* Project object */;
			proxyType = 1;
			remoteGlobalIDString = E022B2E82863705800E9437F;
			remoteInfo = PriceLog;
		};
/* End PBXContainerItemProxy section */

/* Begin PBXFileReference section */
		E022B2E92863705800E9437F /* PriceLog.app */ = {isa = PBXFileReference; explicitFileType = wrapper.application; includeInIndex = 0; path = PriceLog.app; sourceTree = BUILT_PRODUCTS_DIR; };
		E022B2EC2863705800E9437F /* PriceLogApp.swift */ = {isa = PBXFileReference; lastKnownFileType = sourcecode.swift; path = PriceLogApp.swift; sourceTree = "<group>"; };
		E022B2EE2863705800E9437F /* ContentView.swift */ = {isa = PBXFileReference; lastKnownFileType = sourcecode.swift; path = ContentView.swift; sourceTree = "<group>"; };
		E022B2F02863705900E9437F /* Assets.xcassets */ = {isa = PBXFileReference; lastKnownFileType = folder.assetcatalog; path = Assets.xcassets; sourceTree = "<group>"; };
		E022B2F32863705900E9437F /* Preview Assets.xcassets */ = {isa = PBXFileReference; lastKnownFileType = folder.assetcatalog; path = "Preview Assets.xcassets"; sourceTree = "<group>"; };
		E022B2F52863705900E9437F /* Persistence.swift */ = {isa = PBXFileReference; lastKnownFileType = sourcecode.swift; path = Persistence.swift; sourceTree = "<group>"; };
		E022B2F82863705900E9437F /* PriceLog.xcdatamodel */ = {isa = PBXFileReference; lastKnownFileType = wrapper.xcdatamodel; path = PriceLog.xcdatamodel; sourceTree = "<group>"; };
		E022B2FE2863705900E9437F /* PriceLogTests.xctest */ = {isa = PBXFileReference; explicitFileType = wrapper.cfbundle; includeInIndex = 0; path = PriceLogTests.xctest; sourceTree = BUILT_PRODUCTS_DIR; };
		E022B3022863705900E9437F /* PriceLogTests.swift */ = {isa = PBXFileReference; lastKnownFileType = sourcecode.swift; path = PriceLogTests.swift; sourceTree = "<group>"; };
		E022B3082863705900E9437F /* PriceLogUITests.xctest */ = {isa = PBXFileReference; explicitFileType = wrapper.cfbundle; includeInIndex = 0; path = PriceLogUITests.xctest; sourceTree = BUILT_PRODUCTS_DIR; };
		E022B30C2863705900E9437F /* PriceLogUITests.swift */ = {isa = PBXFileReference; lastKnownFileType = sourcecode.swift; path = PriceLogUITests.swift; sourceTree = "<group>"; };
		E022B30E2863705900E9437F /* PriceLogUITestsLaunchTests.swift */ = {isa = PBXFileReference; lastKnownFileType = sourcecode.swift; path = PriceLogUITestsLaunchTests.swift; sourceTree = "<group>"; };
		E0261B92290646C300C4F9A2 /* Modifier+View.swift */ = {isa = PBXFileReference; lastKnownFileType = sourcecode.swift; path = "Modifier+View.swift"; sourceTree = "<group>"; };
		E030F8D52906C461009DA8C6 /* ImagePicker.swift */ = {isa = PBXFileReference; lastKnownFileType = sourcecode.swift; path = ImagePicker.swift; sourceTree = "<group>"; };
		E030F8D72906C66F009DA8C6 /* RequestAccess.swift */ = {isa = PBXFileReference; lastKnownFileType = sourcecode.swift; path = RequestAccess.swift; sourceTree = "<group>"; };
		E04A30F2290EB14C00B46EA4 /* ProductTypeCD+Extension.swift */ = {isa = PBXFileReference; lastKnownFileType = sourcecode.swift; path = "ProductTypeCD+Extension.swift"; sourceTree = "<group>"; };
		E04F8CA4290592EC0028B228 /* CategoryCellView.swift */ = {isa = PBXFileReference; lastKnownFileType = sourcecode.swift; path = CategoryCellView.swift; sourceTree = "<group>"; };
		E06D05C1286FF7E40081B70F /* AddProductTypeScreen.swift */ = {isa = PBXFileReference; lastKnownFileType = sourcecode.swift; path = AddProductTypeScreen.swift; sourceTree = "<group>"; };
		E06D05C3286FF9410081B70F /* TextFieldLabel.swift */ = {isa = PBXFileReference; lastKnownFileType = sourcecode.swift; path = TextFieldLabel.swift; sourceTree = "<group>"; };
		E0B99F392869E1610001ECCA /* AddCategoryScreen.swift */ = {isa = PBXFileReference; lastKnownFileType = sourcecode.swift; path = AddCategoryScreen.swift; sourceTree = "<group>"; };
		E0B99F3B2869E49D0001ECCA /* AddProductScreen.swift */ = {isa = PBXFileReference; lastKnownFileType = sourcecode.swift; path = AddProductScreen.swift; sourceTree = "<group>"; };
		E0C42EF8286FFC69005FE0C9 /* AddProductDetailScreen.swift */ = {isa = PBXFileReference; lastKnownFileType = sourcecode.swift; path = AddProductDetailScreen.swift; sourceTree = "<group>"; };
		E0C42EFA286FFDF2005FE0C9 /* NumberFieldLabel.swift */ = {isa = PBXFileReference; lastKnownFileType = sourcecode.swift; path = NumberFieldLabel.swift; sourceTree = "<group>"; };
		E0C42EFD286FFF25005FE0C9 /* Extension.swift */ = {isa = PBXFileReference; fileEncoding = 4; lastKnownFileType = sourcecode.swift; path = Extension.swift; sourceTree = "<group>"; };
		E0C42EFF2870000C005FE0C9 /* CategoryScreenViewModel.swift */ = {isa = PBXFileReference; lastKnownFileType = sourcecode.swift; path = CategoryScreenViewModel.swift; sourceTree = "<group>"; };
		E0C42F032870002E005FE0C9 /* ProductScreenViewModel.swift */ = {isa = PBXFileReference; lastKnownFileType = sourcecode.swift; path = ProductScreenViewModel.swift; sourceTree = "<group>"; };
		E0C42F0528700064005FE0C9 /* ProductTypeCellView.swift */ = {isa = PBXFileReference; lastKnownFileType = sourcecode.swift; path = ProductTypeCellView.swift; sourceTree = "<group>"; };
		E0C42F07287001A1005FE0C9 /* ProductPricesCell.swift */ = {isa = PBXFileReference; lastKnownFileType = sourcecode.swift; path = ProductPricesCell.swift; sourceTree = "<group>"; };
		E0C42F092870020E005FE0C9 /* ProductDetailPriceViewModel.swift */ = {isa = PBXFileReference; lastKnownFileType = sourcecode.swift; path = ProductDetailPriceViewModel.swift; sourceTree = "<group>"; };
		E0C42F0B28700228005FE0C9 /* ProductTypeScreenViewModel.swift */ = {isa = PBXFileReference; lastKnownFileType = sourcecode.swift; path = ProductTypeScreenViewModel.swift; sourceTree = "<group>"; };
		E0C42F0D2870024D005FE0C9 /* AddCategoryViewModel.swift */ = {isa = PBXFileReference; lastKnownFileType = sourcecode.swift; path = AddCategoryViewModel.swift; sourceTree = "<group>"; };
		E0C42F1028700274005FE0C9 /* AddProductViewModel.swift */ = {isa = PBXFileReference; lastKnownFileType = sourcecode.swift; path = AddProductViewModel.swift; sourceTree = "<group>"; };
		E0C42F122870027F005FE0C9 /* AddProductTypeViewModel.swift */ = {isa = PBXFileReference; lastKnownFileType = sourcecode.swift; path = AddProductTypeViewModel.swift; sourceTree = "<group>"; };
		E0C42F142870028E005FE0C9 /* AddProductDetailPriceViewModel.swift */ = {isa = PBXFileReference; lastKnownFileType = sourcecode.swift; path = AddProductDetailPriceViewModel.swift; sourceTree = "<group>"; };
		E0E2ACCD290D1216000320B7 /* CoreDataManager.swift */ = {isa = PBXFileReference; lastKnownFileType = sourcecode.swift; path = CoreDataManager.swift; sourceTree = "<group>"; };
		E0E2ACD0290D1291000320B7 /* BaseModel.swift */ = {isa = PBXFileReference; lastKnownFileType = sourcecode.swift; path = BaseModel.swift; sourceTree = "<group>"; };
		E0E2ACD2290D12D9000320B7 /* CategoryCD+Extension.swift */ = {isa = PBXFileReference; lastKnownFileType = sourcecode.swift; path = "CategoryCD+Extension.swift"; sourceTree = "<group>"; };
		E0EC8CEE2868A065005CEB7B /* CategoryScreen.swift */ = {isa = PBXFileReference; lastKnownFileType = sourcecode.swift; path = CategoryScreen.swift; sourceTree = "<group>"; };
		E0EC8CF42868A53E005CEB7B /* Model.swift */ = {isa = PBXFileReference; lastKnownFileType = sourcecode.swift; path = Model.swift; sourceTree = "<group>"; };
		E0EC8CF62868A995005CEB7B /* MockData.swift */ = {isa = PBXFileReference; lastKnownFileType = sourcecode.swift; path = MockData.swift; sourceTree = "<group>"; };
		E0EC8CF82868AFB9005CEB7B /* ProductScreen.swift */ = {isa = PBXFileReference; lastKnownFileType = sourcecode.swift; path = ProductScreen.swift; sourceTree = "<group>"; };
		E0EC8CFA2868B0EC005CEB7B /* ProductTypeScreen.swift */ = {isa = PBXFileReference; lastKnownFileType = sourcecode.swift; path = ProductTypeScreen.swift; sourceTree = "<group>"; };
		E0EC8CFC2868BA90005CEB7B /* ProductDetailPriceScreen.swift */ = {isa = PBXFileReference; lastKnownFileType = sourcecode.swift; path = ProductDetailPriceScreen.swift; sourceTree = "<group>"; };
		E0EDCD06290D27AC002BF80B /* ProductCD+Extension.swift */ = {isa = PBXFileReference; lastKnownFileType = sourcecode.swift; path = "ProductCD+Extension.swift"; sourceTree = "<group>"; };
/* End PBXFileReference section */

/* Begin PBXFrameworksBuildPhase section */
		E022B2E62863705800E9437F /* Frameworks */ = {
			isa = PBXFrameworksBuildPhase;
			buildActionMask = 2147483647;
			files = (
			);
			runOnlyForDeploymentPostprocessing = 0;
		};
		E022B2FB2863705900E9437F /* Frameworks */ = {
			isa = PBXFrameworksBuildPhase;
			buildActionMask = 2147483647;
			files = (
			);
			runOnlyForDeploymentPostprocessing = 0;
		};
		E022B3052863705900E9437F /* Frameworks */ = {
			isa = PBXFrameworksBuildPhase;
			buildActionMask = 2147483647;
			files = (
			);
			runOnlyForDeploymentPostprocessing = 0;
		};
/* End PBXFrameworksBuildPhase section */

/* Begin PBXGroup section */
		E022B2E02863705800E9437F = {
			isa = PBXGroup;
			children = (
				E022B2EB2863705800E9437F /* PriceLog */,
				E022B3012863705900E9437F /* PriceLogTests */,
				E022B30B2863705900E9437F /* PriceLogUITests */,
				E022B2EA2863705800E9437F /* Products */,
			);
			sourceTree = "<group>";
		};
		E022B2EA2863705800E9437F /* Products */ = {
			isa = PBXGroup;
			children = (
				E022B2E92863705800E9437F /* PriceLog.app */,
				E022B2FE2863705900E9437F /* PriceLogTests.xctest */,
				E022B3082863705900E9437F /* PriceLogUITests.xctest */,
			);
			name = Products;
			sourceTree = "<group>";
		};
		E022B2EB2863705800E9437F /* PriceLog */ = {
			isa = PBXGroup;
			children = (
				E022B2EC2863705800E9437F /* PriceLogApp.swift */,
				E022B2EE2863705800E9437F /* ContentView.swift */,
				E0C42EFC286FFEB7005FE0C9 /* Resource */,
				E0EC8CF22868A079005CEB7B /* Model */,
				E0EC8CF02868A069005CEB7B /* View */,
				E022B2F02863705900E9437F /* Assets.xcassets */,
				E022B2F52863705900E9437F /* Persistence.swift */,
				E022B2F72863705900E9437F /* PriceLog.xcdatamodeld */,
				E022B2F22863705900E9437F /* Preview Content */,
			);
			path = PriceLog;
			sourceTree = "<group>";
		};
		E022B2F22863705900E9437F /* Preview Content */ = {
			isa = PBXGroup;
			children = (
				E022B2F32863705900E9437F /* Preview Assets.xcassets */,
			);
			path = "Preview Content";
			sourceTree = "<group>";
		};
		E022B3012863705900E9437F /* PriceLogTests */ = {
			isa = PBXGroup;
			children = (
				E022B3022863705900E9437F /* PriceLogTests.swift */,
			);
			path = PriceLogTests;
			sourceTree = "<group>";
		};
		E022B30B2863705900E9437F /* PriceLogUITests */ = {
			isa = PBXGroup;
			children = (
				E022B30C2863705900E9437F /* PriceLogUITests.swift */,
				E022B30E2863705900E9437F /* PriceLogUITestsLaunchTests.swift */,
			);
			path = PriceLogUITests;
			sourceTree = "<group>";
		};
		E0261B94290646D300C4F9A2 /* Modifier */ = {
			isa = PBXGroup;
			children = (
				E0261B92290646C300C4F9A2 /* Modifier+View.swift */,
			);
			path = Modifier;
			sourceTree = "<group>";
		};
		E06D05BB286FF7120081B70F /* Category */ = {
			isa = PBXGroup;
			children = (
				E0EC8CEE2868A065005CEB7B /* CategoryScreen.swift */,
				E0C42EFF2870000C005FE0C9 /* CategoryScreenViewModel.swift */,
				E0B99F392869E1610001ECCA /* AddCategoryScreen.swift */,
				E0C42F0D2870024D005FE0C9 /* AddCategoryViewModel.swift */,
			);
			path = Category;
			sourceTree = "<group>";
		};
		E06D05BC286FF7230081B70F /* Product */ = {
			isa = PBXGroup;
			children = (
				E0EC8CF82868AFB9005CEB7B /* ProductScreen.swift */,
				E0C42F032870002E005FE0C9 /* ProductScreenViewModel.swift */,
				E0B99F3B2869E49D0001ECCA /* AddProductScreen.swift */,
				E0C42F1028700274005FE0C9 /* AddProductViewModel.swift */,
				E06D05BE286FF7710081B70F /* Type */,
				E06D05BD286FF7640081B70F /* Detail */,
			);
			path = Product;
			sourceTree = "<group>";
		};
		E06D05BD286FF7640081B70F /* Detail */ = {
			isa = PBXGroup;
			children = (
				E0EC8CFC2868BA90005CEB7B /* ProductDetailPriceScreen.swift */,
				E0C42F092870020E005FE0C9 /* ProductDetailPriceViewModel.swift */,
				E0C42F07287001A1005FE0C9 /* ProductPricesCell.swift */,
				E0C42EF8286FFC69005FE0C9 /* AddProductDetailScreen.swift */,
				E0C42F142870028E005FE0C9 /* AddProductDetailPriceViewModel.swift */,
			);
			path = Detail;
			sourceTree = "<group>";
		};
		E06D05BE286FF7710081B70F /* Type */ = {
			isa = PBXGroup;
			children = (
				E0EC8CFA2868B0EC005CEB7B /* ProductTypeScreen.swift */,
				E0C42F0B28700228005FE0C9 /* ProductTypeScreenViewModel.swift */,
				E0C42F0528700064005FE0C9 /* ProductTypeCellView.swift */,
				E06D05C1286FF7E40081B70F /* AddProductTypeScreen.swift */,
				E0C42F122870027F005FE0C9 /* AddProductTypeViewModel.swift */,
			);
			path = Type;
			sourceTree = "<group>";
		};
		E06D05C0286FF7B30081B70F /* Component */ = {
			isa = PBXGroup;
			children = (
				E06D05C3286FF9410081B70F /* TextFieldLabel.swift */,
				E0C42EFA286FFDF2005FE0C9 /* NumberFieldLabel.swift */,
				E04F8CA4290592EC0028B228 /* CategoryCellView.swift */,
				E030F8D52906C461009DA8C6 /* ImagePicker.swift */,
			);
			path = Component;
			sourceTree = "<group>";
		};
		E0C42EFC286FFEB7005FE0C9 /* Resource */ = {
			isa = PBXGroup;
			children = (
				E0C42EFD286FFF25005FE0C9 /* Extension.swift */,
				E0E2ACCD290D1216000320B7 /* CoreDataManager.swift */,
				E030F8D72906C66F009DA8C6 /* RequestAccess.swift */,
			);
			path = Resource;
			sourceTree = "<group>";
		};
		E0E2ACCF290D1285000320B7 /* CodeData Model */ = {
			isa = PBXGroup;
			children = (
				E0E2ACD0290D1291000320B7 /* BaseModel.swift */,
				E0E2ACD2290D12D9000320B7 /* CategoryCD+Extension.swift */,
				E0EDCD06290D27AC002BF80B /* ProductCD+Extension.swift */,
				E04A30F2290EB14C00B46EA4 /* ProductTypeCD+Extension.swift */,
			);
			path = "CodeData Model";
			sourceTree = "<group>";
		};
		E0EC8CF02868A069005CEB7B /* View */ = {
			isa = PBXGroup;
			children = (
				E0261B94290646D300C4F9A2 /* Modifier */,
				E06D05C0286FF7B30081B70F /* Component */,
				E0EC8CF12868A074005CEB7B /* Screen */,
			);
			path = View;
			sourceTree = "<group>";
		};
		E0EC8CF12868A074005CEB7B /* Screen */ = {
			isa = PBXGroup;
			children = (
				E06D05BB286FF7120081B70F /* Category */,
				E06D05BC286FF7230081B70F /* Product */,
			);
			path = Screen;
			sourceTree = "<group>";
		};
		E0EC8CF22868A079005CEB7B /* Model */ = {
			isa = PBXGroup;
			children = (
				E0E2ACCF290D1285000320B7 /* CodeData Model */,
				E0EC8CF42868A53E005CEB7B /* Model.swift */,
				E0EC8CF62868A995005CEB7B /* MockData.swift */,
			);
			path = Model;
			sourceTree = "<group>";
		};
/* End PBXGroup section */

/* Begin PBXNativeTarget section */
		E022B2E82863705800E9437F /* PriceLog */ = {
			isa = PBXNativeTarget;
			buildConfigurationList = E022B3122863705900E9437F /* Build configuration list for PBXNativeTarget "PriceLog" */;
			buildPhases = (
				E022B2E52863705800E9437F /* Sources */,
				E022B2E62863705800E9437F /* Frameworks */,
				E022B2E72863705800E9437F /* Resources */,
			);
			buildRules = (
			);
			dependencies = (
			);
			name = PriceLog;
			productName = PriceLog;
			productReference = E022B2E92863705800E9437F /* PriceLog.app */;
			productType = "com.apple.product-type.application";
		};
		E022B2FD2863705900E9437F /* PriceLogTests */ = {
			isa = PBXNativeTarget;
			buildConfigurationList = E022B3152863705900E9437F /* Build configuration list for PBXNativeTarget "PriceLogTests" */;
			buildPhases = (
				E022B2FA2863705900E9437F /* Sources */,
				E022B2FB2863705900E9437F /* Frameworks */,
				E022B2FC2863705900E9437F /* Resources */,
			);
			buildRules = (
			);
			dependencies = (
				E022B3002863705900E9437F /* PBXTargetDependency */,
			);
			name = PriceLogTests;
			productName = PriceLogTests;
			productReference = E022B2FE2863705900E9437F /* PriceLogTests.xctest */;
			productType = "com.apple.product-type.bundle.unit-test";
		};
		E022B3072863705900E9437F /* PriceLogUITests */ = {
			isa = PBXNativeTarget;
			buildConfigurationList = E022B3182863705900E9437F /* Build configuration list for PBXNativeTarget "PriceLogUITests" */;
			buildPhases = (
				E022B3042863705900E9437F /* Sources */,
				E022B3052863705900E9437F /* Frameworks */,
				E022B3062863705900E9437F /* Resources */,
			);
			buildRules = (
			);
			dependencies = (
				E022B30A2863705900E9437F /* PBXTargetDependency */,
			);
			name = PriceLogUITests;
			productName = PriceLogUITests;
			productReference = E022B3082863705900E9437F /* PriceLogUITests.xctest */;
			productType = "com.apple.product-type.bundle.ui-testing";
		};
/* End PBXNativeTarget section */

/* Begin PBXProject section */
		E022B2E12863705800E9437F /* Project object */ = {
			isa = PBXProject;
			attributes = {
				BuildIndependentTargetsInParallel = 1;
				LastSwiftUpdateCheck = 1400;
				LastUpgradeCheck = 1400;
				TargetAttributes = {
					E022B2E82863705800E9437F = {
						CreatedOnToolsVersion = 14.0;
					};
					E022B2FD2863705900E9437F = {
						CreatedOnToolsVersion = 14.0;
						TestTargetID = E022B2E82863705800E9437F;
					};
					E022B3072863705900E9437F = {
						CreatedOnToolsVersion = 14.0;
						TestTargetID = E022B2E82863705800E9437F;
					};
				};
			};
			buildConfigurationList = E022B2E42863705800E9437F /* Build configuration list for PBXProject "PriceLog" */;
			compatibilityVersion = "Xcode 14.0";
			developmentRegion = en;
			hasScannedForEncodings = 0;
			knownRegions = (
				en,
				Base,
			);
			mainGroup = E022B2E02863705800E9437F;
			productRefGroup = E022B2EA2863705800E9437F /* Products */;
			projectDirPath = "";
			projectRoot = "";
			targets = (
				E022B2E82863705800E9437F /* PriceLog */,
				E022B2FD2863705900E9437F /* PriceLogTests */,
				E022B3072863705900E9437F /* PriceLogUITests */,
			);
		};
/* End PBXProject section */

/* Begin PBXResourcesBuildPhase section */
		E022B2E72863705800E9437F /* Resources */ = {
			isa = PBXResourcesBuildPhase;
			buildActionMask = 2147483647;
			files = (
				E022B2F42863705900E9437F /* Preview Assets.xcassets in Resources */,
				E022B2F12863705900E9437F /* Assets.xcassets in Resources */,
			);
			runOnlyForDeploymentPostprocessing = 0;
		};
		E022B2FC2863705900E9437F /* Resources */ = {
			isa = PBXResourcesBuildPhase;
			buildActionMask = 2147483647;
			files = (
			);
			runOnlyForDeploymentPostprocessing = 0;
		};
		E022B3062863705900E9437F /* Resources */ = {
			isa = PBXResourcesBuildPhase;
			buildActionMask = 2147483647;
			files = (
			);
			runOnlyForDeploymentPostprocessing = 0;
		};
/* End PBXResourcesBuildPhase section */

/* Begin PBXSourcesBuildPhase section */
		E022B2E52863705800E9437F /* Sources */ = {
			isa = PBXSourcesBuildPhase;
			buildActionMask = 2147483647;
			files = (
				E0C42F0E2870024D005FE0C9 /* AddCategoryViewModel.swift in Sources */,
				E06D05C4286FF9410081B70F /* TextFieldLabel.swift in Sources */,
				E0C42F132870027F005FE0C9 /* AddProductTypeViewModel.swift in Sources */,
				E022B2F62863705900E9437F /* Persistence.swift in Sources */,
				E0C42F0628700064005FE0C9 /* ProductTypeCellView.swift in Sources */,
				E0C42F08287001A1005FE0C9 /* ProductPricesCell.swift in Sources */,
				E04F8CA5290592EC0028B228 /* CategoryCellView.swift in Sources */,
				E022B2EF2863705800E9437F /* ContentView.swift in Sources */,
				E0EC8CEF2868A065005CEB7B /* CategoryScreen.swift in Sources */,
				E0B99F3A2869E1610001ECCA /* AddCategoryScreen.swift in Sources */,
				E04A30F3290EB14C00B46EA4 /* ProductTypeCD+Extension.swift in Sources */,
				E0C42F042870002E005FE0C9 /* ProductScreenViewModel.swift in Sources */,
				E022B2F92863705900E9437F /* PriceLog.xcdatamodeld in Sources */,
				E022B2ED2863705800E9437F /* PriceLogApp.swift in Sources */,
				E0261B93290646C300C4F9A2 /* Modifier+View.swift in Sources */,
				E0E2ACCE290D1216000320B7 /* CoreDataManager.swift in Sources */,
				E0EC8CFB2868B0EC005CEB7B /* ProductTypeScreen.swift in Sources */,
				E0C42F152870028E005FE0C9 /* AddProductDetailPriceViewModel.swift in Sources */,
				E0B99F3C2869E49D0001ECCA /* AddProductScreen.swift in Sources */,
				E0C42F1128700274005FE0C9 /* AddProductViewModel.swift in Sources */,
				E0E2ACD3290D12D9000320B7 /* CategoryCD+Extension.swift in Sources */,
				E0EC8CF72868A995005CEB7B /* MockData.swift in Sources */,
				E0C42EFE286FFF25005FE0C9 /* Extension.swift in Sources */,
				E06D05C2286FF7E40081B70F /* AddProductTypeScreen.swift in Sources */,
				E0EC8CFD2868BA90005CEB7B /* ProductDetailPriceScreen.swift in Sources */,
				E0C42F0A2870020E005FE0C9 /* ProductDetailPriceViewModel.swift in Sources */,
				E0E2ACD1290D1291000320B7 /* BaseModel.swift in Sources */,
				E0EC8CF52868A53E005CEB7B /* Model.swift in Sources */,
				E0EC8CF92868AFB9005CEB7B /* ProductScreen.swift in Sources */,
				E0C42EFB286FFDF2005FE0C9 /* NumberFieldLabel.swift in Sources */,
				E0C42F002870000C005FE0C9 /* CategoryScreenViewModel.swift in Sources */,
				E030F8D62906C461009DA8C6 /* ImagePicker.swift in Sources */,
				E0EDCD07290D27AC002BF80B /* ProductCD+Extension.swift in Sources */,
				E0C42F0C28700228005FE0C9 /* ProductTypeScreenViewModel.swift in Sources */,
				E0C42EF9286FFC69005FE0C9 /* AddProductDetailScreen.swift in Sources */,
				E030F8D82906C66F009DA8C6 /* RequestAccess.swift in Sources */,
			);
			runOnlyForDeploymentPostprocessing = 0;
		};
		E022B2FA2863705900E9437F /* Sources */ = {
			isa = PBXSourcesBuildPhase;
			buildActionMask = 2147483647;
			files = (
				E022B3032863705900E9437F /* PriceLogTests.swift in Sources */,
			);
			runOnlyForDeploymentPostprocessing = 0;
		};
		E022B3042863705900E9437F /* Sources */ = {
			isa = PBXSourcesBuildPhase;
			buildActionMask = 2147483647;
			files = (
				E022B30F2863705900E9437F /* PriceLogUITestsLaunchTests.swift in Sources */,
				E022B30D2863705900E9437F /* PriceLogUITests.swift in Sources */,
			);
			runOnlyForDeploymentPostprocessing = 0;
		};
/* End PBXSourcesBuildPhase section */

/* Begin PBXTargetDependency section */
		E022B3002863705900E9437F /* PBXTargetDependency */ = {
			isa = PBXTargetDependency;
			target = E022B2E82863705800E9437F /* PriceLog */;
			targetProxy = E022B2FF2863705900E9437F /* PBXContainerItemProxy */;
		};
		E022B30A2863705900E9437F /* PBXTargetDependency */ = {
			isa = PBXTargetDependency;
			target = E022B2E82863705800E9437F /* PriceLog */;
			targetProxy = E022B3092863705900E9437F /* PBXContainerItemProxy */;
		};
/* End PBXTargetDependency section */

/* Begin XCBuildConfiguration section */
		E022B3102863705900E9437F /* Debug */ = {
			isa = XCBuildConfiguration;
			buildSettings = {
				ALWAYS_SEARCH_USER_PATHS = NO;
				CLANG_ANALYZER_NONNULL = YES;
				CLANG_ANALYZER_NUMBER_OBJECT_CONVERSION = YES_AGGRESSIVE;
				CLANG_CXX_LANGUAGE_STANDARD = "gnu++17";
				CLANG_ENABLE_MODULES = YES;
				CLANG_ENABLE_OBJC_ARC = YES;
				CLANG_ENABLE_OBJC_WEAK = YES;
				CLANG_WARN_BLOCK_CAPTURE_AUTORELEASING = YES;
				CLANG_WARN_BOOL_CONVERSION = YES;
				CLANG_WARN_COMMA = YES;
				CLANG_WARN_CONSTANT_CONVERSION = YES;
				CLANG_WARN_DEPRECATED_OBJC_IMPLEMENTATIONS = YES;
				CLANG_WARN_DIRECT_OBJC_ISA_USAGE = YES_ERROR;
				CLANG_WARN_DOCUMENTATION_COMMENTS = YES;
				CLANG_WARN_EMPTY_BODY = YES;
				CLANG_WARN_ENUM_CONVERSION = YES;
				CLANG_WARN_INFINITE_RECURSION = YES;
				CLANG_WARN_INT_CONVERSION = YES;
				CLANG_WARN_NON_LITERAL_NULL_CONVERSION = YES;
				CLANG_WARN_OBJC_IMPLICIT_RETAIN_SELF = YES;
				CLANG_WARN_OBJC_LITERAL_CONVERSION = YES;
				CLANG_WARN_OBJC_ROOT_CLASS = YES_ERROR;
				CLANG_WARN_QUOTED_INCLUDE_IN_FRAMEWORK_HEADER = YES;
				CLANG_WARN_RANGE_LOOP_ANALYSIS = YES;
				CLANG_WARN_STRICT_PROTOTYPES = YES;
				CLANG_WARN_SUSPICIOUS_MOVE = YES;
				CLANG_WARN_UNGUARDED_AVAILABILITY = YES_AGGRESSIVE;
				CLANG_WARN_UNREACHABLE_CODE = YES;
				CLANG_WARN__DUPLICATE_METHOD_MATCH = YES;
				COPY_PHASE_STRIP = NO;
				DEBUG_INFORMATION_FORMAT = dwarf;
				ENABLE_STRICT_OBJC_MSGSEND = YES;
				ENABLE_TESTABILITY = YES;
				GCC_C_LANGUAGE_STANDARD = gnu11;
				GCC_DYNAMIC_NO_PIC = NO;
				GCC_NO_COMMON_BLOCKS = YES;
				GCC_OPTIMIZATION_LEVEL = 0;
				GCC_PREPROCESSOR_DEFINITIONS = (
					"DEBUG=1",
					"$(inherited)",
				);
				GCC_WARN_64_TO_32_BIT_CONVERSION = YES;
				GCC_WARN_ABOUT_RETURN_TYPE = YES_ERROR;
				GCC_WARN_UNDECLARED_SELECTOR = YES;
				GCC_WARN_UNINITIALIZED_AUTOS = YES_AGGRESSIVE;
				GCC_WARN_UNUSED_FUNCTION = YES;
				GCC_WARN_UNUSED_VARIABLE = YES;
				IPHONEOS_DEPLOYMENT_TARGET = 16.0;
				MTL_ENABLE_DEBUG_INFO = INCLUDE_SOURCE;
				MTL_FAST_MATH = YES;
				ONLY_ACTIVE_ARCH = YES;
				SDKROOT = iphoneos;
				SWIFT_ACTIVE_COMPILATION_CONDITIONS = DEBUG;
				SWIFT_OPTIMIZATION_LEVEL = "-Onone";
			};
			name = Debug;
		};
		E022B3112863705900E9437F /* Release */ = {
			isa = XCBuildConfiguration;
			buildSettings = {
				ALWAYS_SEARCH_USER_PATHS = NO;
				CLANG_ANALYZER_NONNULL = YES;
				CLANG_ANALYZER_NUMBER_OBJECT_CONVERSION = YES_AGGRESSIVE;
				CLANG_CXX_LANGUAGE_STANDARD = "gnu++17";
				CLANG_ENABLE_MODULES = YES;
				CLANG_ENABLE_OBJC_ARC = YES;
				CLANG_ENABLE_OBJC_WEAK = YES;
				CLANG_WARN_BLOCK_CAPTURE_AUTORELEASING = YES;
				CLANG_WARN_BOOL_CONVERSION = YES;
				CLANG_WARN_COMMA = YES;
				CLANG_WARN_CONSTANT_CONVERSION = YES;
				CLANG_WARN_DEPRECATED_OBJC_IMPLEMENTATIONS = YES;
				CLANG_WARN_DIRECT_OBJC_ISA_USAGE = YES_ERROR;
				CLANG_WARN_DOCUMENTATION_COMMENTS = YES;
				CLANG_WARN_EMPTY_BODY = YES;
				CLANG_WARN_ENUM_CONVERSION = YES;
				CLANG_WARN_INFINITE_RECURSION = YES;
				CLANG_WARN_INT_CONVERSION = YES;
				CLANG_WARN_NON_LITERAL_NULL_CONVERSION = YES;
				CLANG_WARN_OBJC_IMPLICIT_RETAIN_SELF = YES;
				CLANG_WARN_OBJC_LITERAL_CONVERSION = YES;
				CLANG_WARN_OBJC_ROOT_CLASS = YES_ERROR;
				CLANG_WARN_QUOTED_INCLUDE_IN_FRAMEWORK_HEADER = YES;
				CLANG_WARN_RANGE_LOOP_ANALYSIS = YES;
				CLANG_WARN_STRICT_PROTOTYPES = YES;
				CLANG_WARN_SUSPICIOUS_MOVE = YES;
				CLANG_WARN_UNGUARDED_AVAILABILITY = YES_AGGRESSIVE;
				CLANG_WARN_UNREACHABLE_CODE = YES;
				CLANG_WARN__DUPLICATE_METHOD_MATCH = YES;
				COPY_PHASE_STRIP = NO;
				DEBUG_INFORMATION_FORMAT = "dwarf-with-dsym";
				ENABLE_NS_ASSERTIONS = NO;
				ENABLE_STRICT_OBJC_MSGSEND = YES;
				GCC_C_LANGUAGE_STANDARD = gnu11;
				GCC_NO_COMMON_BLOCKS = YES;
				GCC_WARN_64_TO_32_BIT_CONVERSION = YES;
				GCC_WARN_ABOUT_RETURN_TYPE = YES_ERROR;
				GCC_WARN_UNDECLARED_SELECTOR = YES;
				GCC_WARN_UNINITIALIZED_AUTOS = YES_AGGRESSIVE;
				GCC_WARN_UNUSED_FUNCTION = YES;
				GCC_WARN_UNUSED_VARIABLE = YES;
				IPHONEOS_DEPLOYMENT_TARGET = 16.0;
				MTL_ENABLE_DEBUG_INFO = NO;
				MTL_FAST_MATH = YES;
				SDKROOT = iphoneos;
				SWIFT_COMPILATION_MODE = wholemodule;
				SWIFT_OPTIMIZATION_LEVEL = "-O";
				VALIDATE_PRODUCT = YES;
			};
			name = Release;
		};
		E022B3132863705900E9437F /* Debug */ = {
			isa = XCBuildConfiguration;
			buildSettings = {
				ASSETCATALOG_COMPILER_APPICON_NAME = AppIcon;
				ASSETCATALOG_COMPILER_GLOBAL_ACCENT_COLOR_NAME = AccentColor;
				CODE_SIGN_STYLE = Automatic;
				CURRENT_PROJECT_VERSION = 1;
				DEVELOPMENT_ASSET_PATHS = "\"PriceLog/Preview Content\"";
				DEVELOPMENT_TEAM = 497N7524MA;
				ENABLE_PREVIEWS = YES;
				GENERATE_INFOPLIST_FILE = YES;
				INFOPLIST_KEY_NSCameraUsageDescription = "PriceLog need to Access Camera";
				INFOPLIST_KEY_NSPhotoLibraryUsageDescription = "PriceLog need to Access Photos";
				INFOPLIST_KEY_UIApplicationSceneManifest_Generation = YES;
				INFOPLIST_KEY_UIApplicationSupportsIndirectInputEvents = YES;
				INFOPLIST_KEY_UILaunchScreen_Generation = YES;
				INFOPLIST_KEY_UISupportedInterfaceOrientations = UIInterfaceOrientationPortrait;
				INFOPLIST_KEY_UISupportedInterfaceOrientations_iPad = UIInterfaceOrientationPortraitUpsideDown;
				LD_RUNPATH_SEARCH_PATHS = (
					"$(inherited)",
					"@executable_path/Frameworks",
				);
				MARKETING_VERSION = 1.0;
				PRODUCT_BUNDLE_IDENTIFIER = com.williamsantoso.PriceLog;
				PRODUCT_NAME = "$(TARGET_NAME)";
				SWIFT_EMIT_LOC_STRINGS = YES;
				SWIFT_VERSION = 5.0;
				TARGETED_DEVICE_FAMILY = "1,2";
			};
			name = Debug;
		};
		E022B3142863705900E9437F /* Release */ = {
			isa = XCBuildConfiguration;
			buildSettings = {
				ASSETCATALOG_COMPILER_APPICON_NAME = AppIcon;
				ASSETCATALOG_COMPILER_GLOBAL_ACCENT_COLOR_NAME = AccentColor;
				CODE_SIGN_STYLE = Automatic;
				CURRENT_PROJECT_VERSION = 1;
				DEVELOPMENT_ASSET_PATHS = "\"PriceLog/Preview Content\"";
				DEVELOPMENT_TEAM = 497N7524MA;
				ENABLE_PREVIEWS = YES;
				GENERATE_INFOPLIST_FILE = YES;
				INFOPLIST_KEY_NSCameraUsageDescription = "PriceLog need to Access Camera";
				INFOPLIST_KEY_NSPhotoLibraryUsageDescription = "PriceLog need to Access Photos";
				INFOPLIST_KEY_UIApplicationSceneManifest_Generation = YES;
				INFOPLIST_KEY_UIApplicationSupportsIndirectInputEvents = YES;
				INFOPLIST_KEY_UILaunchScreen_Generation = YES;
				INFOPLIST_KEY_UISupportedInterfaceOrientations = UIInterfaceOrientationPortrait;
				INFOPLIST_KEY_UISupportedInterfaceOrientations_iPad = UIInterfaceOrientationPortraitUpsideDown;
				LD_RUNPATH_SEARCH_PATHS = (
					"$(inherited)",
					"@executable_path/Frameworks",
				);
				MARKETING_VERSION = 1.0;
				PRODUCT_BUNDLE_IDENTIFIER = com.williamsantoso.PriceLog;
				PRODUCT_NAME = "$(TARGET_NAME)";
				SWIFT_EMIT_LOC_STRINGS = YES;
				SWIFT_VERSION = 5.0;
				TARGETED_DEVICE_FAMILY = "1,2";
			};
			name = Release;
		};
		E022B3162863705900E9437F /* Debug */ = {
			isa = XCBuildConfiguration;
			buildSettings = {
				ALWAYS_EMBED_SWIFT_STANDARD_LIBRARIES = YES;
				BUNDLE_LOADER = "$(TEST_HOST)";
				CODE_SIGN_STYLE = Automatic;
				CURRENT_PROJECT_VERSION = 1;
				DEVELOPMENT_TEAM = 497N7524MA;
				GENERATE_INFOPLIST_FILE = YES;
				IPHONEOS_DEPLOYMENT_TARGET = 16.0;
				MARKETING_VERSION = 1.0;
				PRODUCT_BUNDLE_IDENTIFIER = com.williamsantoso.PriceLogTests;
				PRODUCT_NAME = "$(TARGET_NAME)";
				SWIFT_EMIT_LOC_STRINGS = NO;
				SWIFT_VERSION = 5.0;
				TARGETED_DEVICE_FAMILY = "1,2";
				TEST_HOST = "$(BUILT_PRODUCTS_DIR)/PriceLog.app/$(BUNDLE_EXECUTABLE_FOLDER_PATH)/PriceLog";
			};
			name = Debug;
		};
		E022B3172863705900E9437F /* Release */ = {
			isa = XCBuildConfiguration;
			buildSettings = {
				ALWAYS_EMBED_SWIFT_STANDARD_LIBRARIES = YES;
				BUNDLE_LOADER = "$(TEST_HOST)";
				CODE_SIGN_STYLE = Automatic;
				CURRENT_PROJECT_VERSION = 1;
				DEVELOPMENT_TEAM = 497N7524MA;
				GENERATE_INFOPLIST_FILE = YES;
				IPHONEOS_DEPLOYMENT_TARGET = 16.0;
				MARKETING_VERSION = 1.0;
				PRODUCT_BUNDLE_IDENTIFIER = com.williamsantoso.PriceLogTests;
				PRODUCT_NAME = "$(TARGET_NAME)";
				SWIFT_EMIT_LOC_STRINGS = NO;
				SWIFT_VERSION = 5.0;
				TARGETED_DEVICE_FAMILY = "1,2";
				TEST_HOST = "$(BUILT_PRODUCTS_DIR)/PriceLog.app/$(BUNDLE_EXECUTABLE_FOLDER_PATH)/PriceLog";
			};
			name = Release;
		};
		E022B3192863705900E9437F /* Debug */ = {
			isa = XCBuildConfiguration;
			buildSettings = {
				ALWAYS_EMBED_SWIFT_STANDARD_LIBRARIES = YES;
				CODE_SIGN_STYLE = Automatic;
				CURRENT_PROJECT_VERSION = 1;
				DEVELOPMENT_TEAM = 497N7524MA;
				GENERATE_INFOPLIST_FILE = YES;
				MARKETING_VERSION = 1.0;
				PRODUCT_BUNDLE_IDENTIFIER = com.williamsantoso.PriceLogUITests;
				PRODUCT_NAME = "$(TARGET_NAME)";
				SWIFT_EMIT_LOC_STRINGS = NO;
				SWIFT_VERSION = 5.0;
				TARGETED_DEVICE_FAMILY = "1,2";
				TEST_TARGET_NAME = PriceLog;
			};
			name = Debug;
		};
		E022B31A2863705900E9437F /* Release */ = {
			isa = XCBuildConfiguration;
			buildSettings = {
				ALWAYS_EMBED_SWIFT_STANDARD_LIBRARIES = YES;
				CODE_SIGN_STYLE = Automatic;
				CURRENT_PROJECT_VERSION = 1;
				DEVELOPMENT_TEAM = 497N7524MA;
				GENERATE_INFOPLIST_FILE = YES;
				MARKETING_VERSION = 1.0;
				PRODUCT_BUNDLE_IDENTIFIER = com.williamsantoso.PriceLogUITests;
				PRODUCT_NAME = "$(TARGET_NAME)";
				SWIFT_EMIT_LOC_STRINGS = NO;
				SWIFT_VERSION = 5.0;
				TARGETED_DEVICE_FAMILY = "1,2";
				TEST_TARGET_NAME = PriceLog;
			};
			name = Release;
		};
/* End XCBuildConfiguration section */

/* Begin XCConfigurationList section */
		E022B2E42863705800E9437F /* Build configuration list for PBXProject "PriceLog" */ = {
			isa = XCConfigurationList;
			buildConfigurations = (
				E022B3102863705900E9437F /* Debug */,
				E022B3112863705900E9437F /* Release */,
			);
			defaultConfigurationIsVisible = 0;
			defaultConfigurationName = Release;
		};
		E022B3122863705900E9437F /* Build configuration list for PBXNativeTarget "PriceLog" */ = {
			isa = XCConfigurationList;
			buildConfigurations = (
				E022B3132863705900E9437F /* Debug */,
				E022B3142863705900E9437F /* Release */,
			);
			defaultConfigurationIsVisible = 0;
			defaultConfigurationName = Release;
		};
		E022B3152863705900E9437F /* Build configuration list for PBXNativeTarget "PriceLogTests" */ = {
			isa = XCConfigurationList;
			buildConfigurations = (
				E022B3162863705900E9437F /* Debug */,
				E022B3172863705900E9437F /* Release */,
			);
			defaultConfigurationIsVisible = 0;
			defaultConfigurationName = Release;
		};
		E022B3182863705900E9437F /* Build configuration list for PBXNativeTarget "PriceLogUITests" */ = {
			isa = XCConfigurationList;
			buildConfigurations = (
				E022B3192863705900E9437F /* Debug */,
				E022B31A2863705900E9437F /* Release */,
			);
			defaultConfigurationIsVisible = 0;
			defaultConfigurationName = Release;
		};
/* End XCConfigurationList section */

/* Begin XCVersionGroup section */
		E022B2F72863705900E9437F /* PriceLog.xcdatamodeld */ = {
			isa = XCVersionGroup;
			children = (
				E022B2F82863705900E9437F /* PriceLog.xcdatamodel */,
			);
			currentVersion = E022B2F82863705900E9437F /* PriceLog.xcdatamodel */;
			path = PriceLog.xcdatamodeld;
			sourceTree = "<group>";
			versionGroupType = wrapper.xcdatamodel;
		};
/* End XCVersionGroup section */
	};
	rootObject = E022B2E12863705800E9437F /* Project object */;
}
